// !$*UTF8*$!
{
	archiveVersion = 1;
	classes = {
	};
	objectVersion = 56;
	objects = {

/* Begin PBXBuildFile section */
		9B811EA12A0E6B73008A660E /* AppDelegate.swift in Sources */ = {isa = PBXBuildFile; fileRef = 9B811EA02A0E6B73008A660E /* AppDelegate.swift */; };
		9B811EA32A0E6B73008A660E /* SceneDelegate.swift in Sources */ = {isa = PBXBuildFile; fileRef = 9B811EA22A0E6B73008A660E /* SceneDelegate.swift */; };
		9B811EA52A0E6B73008A660E /* MainTabBarViewController.swift in Sources */ = {isa = PBXBuildFile; fileRef = 9B811EA42A0E6B73008A660E /* MainTabBarViewController.swift */; };
		9B811EAA2A0E6B74008A660E /* Assets.xcassets in Resources */ = {isa = PBXBuildFile; fileRef = 9B811EA92A0E6B74008A660E /* Assets.xcassets */; };
		9B811EAD2A0E6B74008A660E /* LaunchScreen.storyboard in Resources */ = {isa = PBXBuildFile; fileRef = 9B811EAB2A0E6B74008A660E /* LaunchScreen.storyboard */; };
		9B811EB82A0E6B74008A660E /* JetflixTests.swift in Sources */ = {isa = PBXBuildFile; fileRef = 9B811EB72A0E6B74008A660E /* JetflixTests.swift */; };
		9B811EC22A0E6B74008A660E /* JetflixUITests.swift in Sources */ = {isa = PBXBuildFile; fileRef = 9B811EC12A0E6B74008A660E /* JetflixUITests.swift */; };
		9B811EC42A0E6B74008A660E /* JetflixUITestsLaunchTests.swift in Sources */ = {isa = PBXBuildFile; fileRef = 9B811EC32A0E6B74008A660E /* JetflixUITestsLaunchTests.swift */; };
		9B811ED32A0F57D7008A660E /* HomeViewController.swift in Sources */ = {isa = PBXBuildFile; fileRef = 9B811ED22A0F57D7008A660E /* HomeViewController.swift */; };
		9B811ED52A0F57F5008A660E /* UpcomingViewController.swift in Sources */ = {isa = PBXBuildFile; fileRef = 9B811ED42A0F57F5008A660E /* UpcomingViewController.swift */; };
		9B811ED72A0F5803008A660E /* SearchViewController.swift in Sources */ = {isa = PBXBuildFile; fileRef = 9B811ED62A0F5803008A660E /* SearchViewController.swift */; };
		9B811ED92A0F581F008A660E /* DownloadsViewController.swift in Sources */ = {isa = PBXBuildFile; fileRef = 9B811ED82A0F581F008A660E /* DownloadsViewController.swift */; };
		9B811EEA2A0F6E17008A660E /* CollectionViewTableViewCell.swift in Sources */ = {isa = PBXBuildFile; fileRef = 9B811EE92A0F6E17008A660E /* CollectionViewTableViewCell.swift */; };
		9B811EEC2A0F8077008A660E /* PosterHeaderUIView.swift in Sources */ = {isa = PBXBuildFile; fileRef = 9B811EEB2A0F8077008A660E /* PosterHeaderUIView.swift */; };
		9B811EEF2A0FAAD9008A660E /* APICaller.swift in Sources */ = {isa = PBXBuildFile; fileRef = 9B811EEE2A0FAAD9008A660E /* APICaller.swift */; };
		9B811EF22A0FAF47008A660E /* ContentDTO.swift in Sources */ = {isa = PBXBuildFile; fileRef = 9B811EF12A0FAF47008A660E /* ContentDTO.swift */; };
		9B811EFD2A0FBEB9008A660E /* Content.swift in Sources */ = {isa = PBXBuildFile; fileRef = 9B811EFC2A0FBEB9008A660E /* Content.swift */; };
		9B811F002A0FC3B4008A660E /* ContentRepository.swift in Sources */ = {isa = PBXBuildFile; fileRef = 9B811EFF2A0FC3B4008A660E /* ContentRepository.swift */; };
		9B811F022A0FC3BF008A660E /* ContentRepositoryProtocol.swift in Sources */ = {isa = PBXBuildFile; fileRef = 9B811F012A0FC3BF008A660E /* ContentRepositoryProtocol.swift */; };
		9B811F052A0FC9E2008A660E /* String.swift in Sources */ = {isa = PBXBuildFile; fileRef = 9B811F042A0FC9E2008A660E /* String.swift */; };
		9BFDF6F72A107710005E3953 /* ContentCollectionViewCell.swift in Sources */ = {isa = PBXBuildFile; fileRef = 9BFDF6F62A107710005E3953 /* ContentCollectionViewCell.swift */; };
		9BFDF6FD2A107D42005E3953 /* Kingfisher in Frameworks */ = {isa = PBXBuildFile; productRef = 9BFDF6FC2A107D42005E3953 /* Kingfisher */; };
		9BFDF6FF2A108743005E3953 /* ContentTableViewCell.swift in Sources */ = {isa = PBXBuildFile; fileRef = 9BFDF6FE2A108743005E3953 /* ContentTableViewCell.swift */; };
		9BFDF7052A10AEC4005E3953 /* SearchResultsViewController.swift in Sources */ = {isa = PBXBuildFile; fileRef = 9BFDF7042A10AEC4005E3953 /* SearchResultsViewController.swift */; };
		9BFDF7092A10E458005E3953 /* YoutubeSearchResponseDTO.swift in Sources */ = {isa = PBXBuildFile; fileRef = 9BFDF7082A10E458005E3953 /* YoutubeSearchResponseDTO.swift */; };
/* End PBXBuildFile section */

/* Begin PBXContainerItemProxy section */
		9B811EB42A0E6B74008A660E /* PBXContainerItemProxy */ = {
			isa = PBXContainerItemProxy;
			containerPortal = 9B811E952A0E6B73008A660E /* Project object */;
			proxyType = 1;
			remoteGlobalIDString = 9B811E9C2A0E6B73008A660E;
			remoteInfo = Jetflix;
		};
		9B811EBE2A0E6B74008A660E /* PBXContainerItemProxy */ = {
			isa = PBXContainerItemProxy;
			containerPortal = 9B811E952A0E6B73008A660E /* Project object */;
			proxyType = 1;
			remoteGlobalIDString = 9B811E9C2A0E6B73008A660E;
			remoteInfo = Jetflix;
		};
/* End PBXContainerItemProxy section */

/* Begin PBXFileReference section */
		9B811E9D2A0E6B73008A660E /* Jetflix.app */ = {isa = PBXFileReference; explicitFileType = wrapper.application; includeInIndex = 0; path = Jetflix.app; sourceTree = BUILT_PRODUCTS_DIR; };
		9B811EA02A0E6B73008A660E /* AppDelegate.swift */ = {isa = PBXFileReference; lastKnownFileType = sourcecode.swift; path = AppDelegate.swift; sourceTree = "<group>"; };
		9B811EA22A0E6B73008A660E /* SceneDelegate.swift */ = {isa = PBXFileReference; lastKnownFileType = sourcecode.swift; path = SceneDelegate.swift; sourceTree = "<group>"; };
		9B811EA42A0E6B73008A660E /* MainTabBarViewController.swift */ = {isa = PBXFileReference; lastKnownFileType = sourcecode.swift; path = MainTabBarViewController.swift; sourceTree = "<group>"; };
		9B811EA92A0E6B74008A660E /* Assets.xcassets */ = {isa = PBXFileReference; lastKnownFileType = folder.assetcatalog; path = Assets.xcassets; sourceTree = "<group>"; };
		9B811EAC2A0E6B74008A660E /* Base */ = {isa = PBXFileReference; lastKnownFileType = file.storyboard; name = Base; path = Base.lproj/LaunchScreen.storyboard; sourceTree = "<group>"; };
		9B811EAE2A0E6B74008A660E /* Info.plist */ = {isa = PBXFileReference; lastKnownFileType = text.plist.xml; path = Info.plist; sourceTree = "<group>"; };
		9B811EB32A0E6B74008A660E /* JetflixTests.xctest */ = {isa = PBXFileReference; explicitFileType = wrapper.cfbundle; includeInIndex = 0; path = JetflixTests.xctest; sourceTree = BUILT_PRODUCTS_DIR; };
		9B811EB72A0E6B74008A660E /* JetflixTests.swift */ = {isa = PBXFileReference; lastKnownFileType = sourcecode.swift; path = JetflixTests.swift; sourceTree = "<group>"; };
		9B811EBD2A0E6B74008A660E /* JetflixUITests.xctest */ = {isa = PBXFileReference; explicitFileType = wrapper.cfbundle; includeInIndex = 0; path = JetflixUITests.xctest; sourceTree = BUILT_PRODUCTS_DIR; };
		9B811EC12A0E6B74008A660E /* JetflixUITests.swift */ = {isa = PBXFileReference; lastKnownFileType = sourcecode.swift; path = JetflixUITests.swift; sourceTree = "<group>"; };
		9B811EC32A0E6B74008A660E /* JetflixUITestsLaunchTests.swift */ = {isa = PBXFileReference; lastKnownFileType = sourcecode.swift; path = JetflixUITestsLaunchTests.swift; sourceTree = "<group>"; };
		9B811ED22A0F57D7008A660E /* HomeViewController.swift */ = {isa = PBXFileReference; lastKnownFileType = sourcecode.swift; path = HomeViewController.swift; sourceTree = "<group>"; };
		9B811ED42A0F57F5008A660E /* UpcomingViewController.swift */ = {isa = PBXFileReference; lastKnownFileType = sourcecode.swift; path = UpcomingViewController.swift; sourceTree = "<group>"; };
		9B811ED62A0F5803008A660E /* SearchViewController.swift */ = {isa = PBXFileReference; lastKnownFileType = sourcecode.swift; path = SearchViewController.swift; sourceTree = "<group>"; };
		9B811ED82A0F581F008A660E /* DownloadsViewController.swift */ = {isa = PBXFileReference; lastKnownFileType = sourcecode.swift; path = DownloadsViewController.swift; sourceTree = "<group>"; };
		9B811EE92A0F6E17008A660E /* CollectionViewTableViewCell.swift */ = {isa = PBXFileReference; lastKnownFileType = sourcecode.swift; path = CollectionViewTableViewCell.swift; sourceTree = "<group>"; };
		9B811EEB2A0F8077008A660E /* PosterHeaderUIView.swift */ = {isa = PBXFileReference; lastKnownFileType = sourcecode.swift; path = PosterHeaderUIView.swift; sourceTree = "<group>"; };
		9B811EEE2A0FAAD9008A660E /* APICaller.swift */ = {isa = PBXFileReference; lastKnownFileType = sourcecode.swift; path = APICaller.swift; sourceTree = "<group>"; };
		9B811EF12A0FAF47008A660E /* ContentDTO.swift */ = {isa = PBXFileReference; lastKnownFileType = sourcecode.swift; path = ContentDTO.swift; sourceTree = "<group>"; };
		9B811EFC2A0FBEB9008A660E /* Content.swift */ = {isa = PBXFileReference; lastKnownFileType = sourcecode.swift; path = Content.swift; sourceTree = "<group>"; };
		9B811EFF2A0FC3B4008A660E /* ContentRepository.swift */ = {isa = PBXFileReference; lastKnownFileType = sourcecode.swift; path = ContentRepository.swift; sourceTree = "<group>"; };
		9B811F012A0FC3BF008A660E /* ContentRepositoryProtocol.swift */ = {isa = PBXFileReference; lastKnownFileType = sourcecode.swift; path = ContentRepositoryProtocol.swift; sourceTree = "<group>"; };
		9B811F042A0FC9E2008A660E /* String.swift */ = {isa = PBXFileReference; lastKnownFileType = sourcecode.swift; path = String.swift; sourceTree = "<group>"; };
		9BFDF6F62A107710005E3953 /* ContentCollectionViewCell.swift */ = {isa = PBXFileReference; lastKnownFileType = sourcecode.swift; path = ContentCollectionViewCell.swift; sourceTree = "<group>"; };
		9BFDF6FE2A108743005E3953 /* ContentTableViewCell.swift */ = {isa = PBXFileReference; lastKnownFileType = sourcecode.swift; path = ContentTableViewCell.swift; sourceTree = "<group>"; };
		9BFDF7042A10AEC4005E3953 /* SearchResultsViewController.swift */ = {isa = PBXFileReference; lastKnownFileType = sourcecode.swift; path = SearchResultsViewController.swift; sourceTree = "<group>"; };
		9BFDF7082A10E458005E3953 /* YoutubeSearchResponseDTO.swift */ = {isa = PBXFileReference; lastKnownFileType = sourcecode.swift; path = YoutubeSearchResponseDTO.swift; sourceTree = "<group>"; };
/* End PBXFileReference section */

/* Begin PBXFrameworksBuildPhase section */
		9B811E9A2A0E6B73008A660E /* Frameworks */ = {
			isa = PBXFrameworksBuildPhase;
			buildActionMask = 2147483647;
			files = (
				9BFDF6FD2A107D42005E3953 /* Kingfisher in Frameworks */,
			);
			runOnlyForDeploymentPostprocessing = 0;
		};
		9B811EB02A0E6B74008A660E /* Frameworks */ = {
			isa = PBXFrameworksBuildPhase;
			buildActionMask = 2147483647;
			files = (
			);
			runOnlyForDeploymentPostprocessing = 0;
		};
		9B811EBA2A0E6B74008A660E /* Frameworks */ = {
			isa = PBXFrameworksBuildPhase;
			buildActionMask = 2147483647;
			files = (
			);
			runOnlyForDeploymentPostprocessing = 0;
		};
/* End PBXFrameworksBuildPhase section */

/* Begin PBXGroup section */
		9B811E942A0E6B73008A660E = {
			isa = PBXGroup;
			children = (
				9B811E9F2A0E6B73008A660E /* Jetflix */,
				9B811EB62A0E6B74008A660E /* JetflixTests */,
				9B811EC02A0E6B74008A660E /* JetflixUITests */,
				9B811E9E2A0E6B73008A660E /* Products */,
			);
			sourceTree = "<group>";
		};
		9B811E9E2A0E6B73008A660E /* Products */ = {
			isa = PBXGroup;
			children = (
				9B811E9D2A0E6B73008A660E /* Jetflix.app */,
				9B811EB32A0E6B74008A660E /* JetflixTests.xctest */,
				9B811EBD2A0E6B74008A660E /* JetflixUITests.xctest */,
			);
			name = Products;
			sourceTree = "<group>";
		};
		9B811E9F2A0E6B73008A660E /* Jetflix */ = {
			isa = PBXGroup;
			children = (
				9B811EE42A0F6687008A660E /* Application */,
				9B811EDB2A0F6651008A660E /* Presentation */,
				9B811EF32A0FBBE5008A660E /* Domain */,
				9B811EF42A0FBBE7008A660E /* Data */,
				9B811EE62A0F66DD008A660E /* Resource */,
			);
			path = Jetflix;
			sourceTree = "<group>";
		};
		9B811EB62A0E6B74008A660E /* JetflixTests */ = {
			isa = PBXGroup;
			children = (
				9B811EB72A0E6B74008A660E /* JetflixTests.swift */,
			);
			path = JetflixTests;
			sourceTree = "<group>";
		};
		9B811EC02A0E6B74008A660E /* JetflixUITests */ = {
			isa = PBXGroup;
			children = (
				9B811EC12A0E6B74008A660E /* JetflixUITests.swift */,
				9B811EC32A0E6B74008A660E /* JetflixUITestsLaunchTests.swift */,
			);
			path = JetflixUITests;
			sourceTree = "<group>";
		};
		9B811EDB2A0F6651008A660E /* Presentation */ = {
			isa = PBXGroup;
			children = (
				9B811EE52A0F6695008A660E /* MainTabBar */,
				9B811EDC2A0F6656008A660E /* Home */,
				9B811EDE2A0F665B008A660E /* Upcoming */,
				9B811EDD2A0F6658008A660E /* Search */,
				9B811EDF2A0F6661008A660E /* Downloads */,
			);
			path = Presentation;
			sourceTree = "<group>";
		};
		9B811EDC2A0F6656008A660E /* Home */ = {
			isa = PBXGroup;
			children = (
				9B811EE72A0F6DDD008A660E /* ViewModel */,
				9B811EE02A0F6673008A660E /* View */,
			);
			path = Home;
			sourceTree = "<group>";
		};
		9B811EDD2A0F6658008A660E /* Search */ = {
			isa = PBXGroup;
			children = (
				9B811EE22A0F6682008A660E /* View */,
				9BFDF7022A10AEAF005E3953 /* SearchResults */,
			);
			path = Search;
			sourceTree = "<group>";
		};
		9B811EDE2A0F665B008A660E /* Upcoming */ = {
			isa = PBXGroup;
			children = (
				9B811EE12A0F6681008A660E /* View */,
			);
			path = Upcoming;
			sourceTree = "<group>";
		};
		9B811EDF2A0F6661008A660E /* Downloads */ = {
			isa = PBXGroup;
			children = (
				9B811EE32A0F6684008A660E /* View */,
			);
			path = Downloads;
			sourceTree = "<group>";
		};
		9B811EE02A0F6673008A660E /* View */ = {
			isa = PBXGroup;
			children = (
				9B811ED22A0F57D7008A660E /* HomeViewController.swift */,
				9B811EEB2A0F8077008A660E /* PosterHeaderUIView.swift */,
				9B811EE82A0F6DF7008A660E /* Cells */,
			);
			path = View;
			sourceTree = "<group>";
		};
		9B811EE12A0F6681008A660E /* View */ = {
			isa = PBXGroup;
			children = (
				9B811ED42A0F57F5008A660E /* UpcomingViewController.swift */,
				9BFDF6FE2A108743005E3953 /* ContentTableViewCell.swift */,
			);
			path = View;
			sourceTree = "<group>";
		};
		9B811EE22A0F6682008A660E /* View */ = {
			isa = PBXGroup;
			children = (
				9B811ED62A0F5803008A660E /* SearchViewController.swift */,
			);
			path = View;
			sourceTree = "<group>";
		};
		9B811EE32A0F6684008A660E /* View */ = {
			isa = PBXGroup;
			children = (
				9B811ED82A0F581F008A660E /* DownloadsViewController.swift */,
			);
			path = View;
			sourceTree = "<group>";
		};
		9B811EE42A0F6687008A660E /* Application */ = {
			isa = PBXGroup;
			children = (
				9B811EA02A0E6B73008A660E /* AppDelegate.swift */,
				9B811EA22A0E6B73008A660E /* SceneDelegate.swift */,
				9B811F032A0FC9D5008A660E /* Extensions */,
			);
			path = Application;
			sourceTree = "<group>";
		};
		9B811EE52A0F6695008A660E /* MainTabBar */ = {
			isa = PBXGroup;
			children = (
				9B811EA42A0E6B73008A660E /* MainTabBarViewController.swift */,
			);
			path = MainTabBar;
			sourceTree = "<group>";
		};
		9B811EE62A0F66DD008A660E /* Resource */ = {
			isa = PBXGroup;
			children = (
				9B811EA92A0E6B74008A660E /* Assets.xcassets */,
				9B811EAB2A0E6B74008A660E /* LaunchScreen.storyboard */,
				9B811EAE2A0E6B74008A660E /* Info.plist */,
			);
			path = Resource;
			sourceTree = "<group>";
		};
		9B811EE72A0F6DDD008A660E /* ViewModel */ = {
			isa = PBXGroup;
			children = (
			);
			path = ViewModel;
			sourceTree = "<group>";
		};
		9B811EE82A0F6DF7008A660E /* Cells */ = {
			isa = PBXGroup;
			children = (
				9B811EE92A0F6E17008A660E /* CollectionViewTableViewCell.swift */,
				9BFDF6F62A107710005E3953 /* ContentCollectionViewCell.swift */,
			);
			path = Cells;
			sourceTree = "<group>";
		};
		9B811EF32A0FBBE5008A660E /* Domain */ = {
			isa = PBXGroup;
			children = (
				9B811EF62A0FBC0A008A660E /* Entity */,
				9B811EF72A0FBC1F008A660E /* Interface */,
			);
			path = Domain;
			sourceTree = "<group>";
		};
		9B811EF42A0FBBE7008A660E /* Data */ = {
			isa = PBXGroup;
			children = (
				9B811EF82A0FBC4B008A660E /* Repository */,
				9B811EF92A0FBC4E008A660E /* Network */,
			);
			path = Data;
			sourceTree = "<group>";
		};
		9B811EF62A0FBC0A008A660E /* Entity */ = {
			isa = PBXGroup;
			children = (
				9B811EFC2A0FBEB9008A660E /* Content.swift */,
			);
			path = Entity;
			sourceTree = "<group>";
		};
		9B811EF72A0FBC1F008A660E /* Interface */ = {
			isa = PBXGroup;
			children = (
				9B811F012A0FC3BF008A660E /* ContentRepositoryProtocol.swift */,
			);
			path = Interface;
			sourceTree = "<group>";
		};
		9B811EF82A0FBC4B008A660E /* Repository */ = {
			isa = PBXGroup;
			children = (
				9B811EFF2A0FC3B4008A660E /* ContentRepository.swift */,
			);
			path = Repository;
			sourceTree = "<group>";
		};
		9B811EF92A0FBC4E008A660E /* Network */ = {
			isa = PBXGroup;
			children = (
				9B811EFB2A0FBC63008A660E /* DTO */,
				9B811EFE2A0FC0E4008A660E /* Services */,
			);
			path = Network;
			sourceTree = "<group>";
		};
		9B811EFB2A0FBC63008A660E /* DTO */ = {
			isa = PBXGroup;
			children = (
				9B811EF12A0FAF47008A660E /* ContentDTO.swift */,
				9BFDF7082A10E458005E3953 /* YoutubeSearchResponseDTO.swift */,
			);
			path = DTO;
			sourceTree = "<group>";
		};
		9B811EFE2A0FC0E4008A660E /* Services */ = {
			isa = PBXGroup;
			children = (
				9B811EEE2A0FAAD9008A660E /* APICaller.swift */,
			);
			path = Services;
			sourceTree = "<group>";
		};
		9B811F032A0FC9D5008A660E /* Extensions */ = {
			isa = PBXGroup;
			children = (
				9B811F042A0FC9E2008A660E /* String.swift */,
			);
			path = Extensions;
			sourceTree = "<group>";
		};
		9BFDF7022A10AEAF005E3953 /* SearchResults */ = {
			isa = PBXGroup;
			children = (
				9BFDF7032A10AEB9005E3953 /* View */,
			);
			path = SearchResults;
			sourceTree = "<group>";
		};
		9BFDF7032A10AEB9005E3953 /* View */ = {
			isa = PBXGroup;
			children = (
				9BFDF7042A10AEC4005E3953 /* SearchResultsViewController.swift */,
			);
			path = View;
			sourceTree = "<group>";
		};
/* End PBXGroup section */

/* Begin PBXNativeTarget section */
		9B811E9C2A0E6B73008A660E /* Jetflix */ = {
			isa = PBXNativeTarget;
			buildConfigurationList = 9B811EC72A0E6B74008A660E /* Build configuration list for PBXNativeTarget "Jetflix" */;
			buildPhases = (
				9B811E992A0E6B73008A660E /* Sources */,
				9B811E9A2A0E6B73008A660E /* Frameworks */,
				9B811E9B2A0E6B73008A660E /* Resources */,
			);
			buildRules = (
			);
			dependencies = (
			);
			name = Jetflix;
			packageProductDependencies = (
				9BFDF6FC2A107D42005E3953 /* Kingfisher */,
			);
			productName = Jetflix;
			productReference = 9B811E9D2A0E6B73008A660E /* Jetflix.app */;
			productType = "com.apple.product-type.application";
		};
		9B811EB22A0E6B74008A660E /* JetflixTests */ = {
			isa = PBXNativeTarget;
			buildConfigurationList = 9B811ECA2A0E6B74008A660E /* Build configuration list for PBXNativeTarget "JetflixTests" */;
			buildPhases = (
				9B811EAF2A0E6B74008A660E /* Sources */,
				9B811EB02A0E6B74008A660E /* Frameworks */,
				9B811EB12A0E6B74008A660E /* Resources */,
			);
			buildRules = (
			);
			dependencies = (
				9B811EB52A0E6B74008A660E /* PBXTargetDependency */,
			);
			name = JetflixTests;
			productName = JetflixTests;
			productReference = 9B811EB32A0E6B74008A660E /* JetflixTests.xctest */;
			productType = "com.apple.product-type.bundle.unit-test";
		};
		9B811EBC2A0E6B74008A660E /* JetflixUITests */ = {
			isa = PBXNativeTarget;
			buildConfigurationList = 9B811ECD2A0E6B74008A660E /* Build configuration list for PBXNativeTarget "JetflixUITests" */;
			buildPhases = (
				9B811EB92A0E6B74008A660E /* Sources */,
				9B811EBA2A0E6B74008A660E /* Frameworks */,
				9B811EBB2A0E6B74008A660E /* Resources */,
			);
			buildRules = (
			);
			dependencies = (
				9B811EBF2A0E6B74008A660E /* PBXTargetDependency */,
			);
			name = JetflixUITests;
			productName = JetflixUITests;
			productReference = 9B811EBD2A0E6B74008A660E /* JetflixUITests.xctest */;
			productType = "com.apple.product-type.bundle.ui-testing";
		};
/* End PBXNativeTarget section */

/* Begin PBXProject section */
		9B811E952A0E6B73008A660E /* Project object */ = {
			isa = PBXProject;
			attributes = {
				BuildIndependentTargetsInParallel = 1;
				LastSwiftUpdateCheck = 1430;
				LastUpgradeCheck = 1430;
				TargetAttributes = {
					9B811E9C2A0E6B73008A660E = {
						CreatedOnToolsVersion = 14.3;
					};
					9B811EB22A0E6B74008A660E = {
						CreatedOnToolsVersion = 14.3;
						TestTargetID = 9B811E9C2A0E6B73008A660E;
					};
					9B811EBC2A0E6B74008A660E = {
						CreatedOnToolsVersion = 14.3;
						TestTargetID = 9B811E9C2A0E6B73008A660E;
					};
				};
			};
			buildConfigurationList = 9B811E982A0E6B73008A660E /* Build configuration list for PBXProject "Jetflix" */;
			compatibilityVersion = "Xcode 14.0";
			developmentRegion = en;
			hasScannedForEncodings = 0;
			knownRegions = (
				en,
				Base,
			);
			mainGroup = 9B811E942A0E6B73008A660E;
			packageReferences = (
				9BFDF6FB2A107D42005E3953 /* XCRemoteSwiftPackageReference "Kingfisher" */,
			);
			productRefGroup = 9B811E9E2A0E6B73008A660E /* Products */;
			projectDirPath = "";
			projectRoot = "";
			targets = (
				9B811E9C2A0E6B73008A660E /* Jetflix */,
				9B811EB22A0E6B74008A660E /* JetflixTests */,
				9B811EBC2A0E6B74008A660E /* JetflixUITests */,
			);
		};
/* End PBXProject section */

/* Begin PBXResourcesBuildPhase section */
		9B811E9B2A0E6B73008A660E /* Resources */ = {
			isa = PBXResourcesBuildPhase;
			buildActionMask = 2147483647;
			files = (
				9B811EAD2A0E6B74008A660E /* LaunchScreen.storyboard in Resources */,
				9B811EAA2A0E6B74008A660E /* Assets.xcassets in Resources */,
			);
			runOnlyForDeploymentPostprocessing = 0;
		};
		9B811EB12A0E6B74008A660E /* Resources */ = {
			isa = PBXResourcesBuildPhase;
			buildActionMask = 2147483647;
			files = (
			);
			runOnlyForDeploymentPostprocessing = 0;
		};
		9B811EBB2A0E6B74008A660E /* Resources */ = {
			isa = PBXResourcesBuildPhase;
			buildActionMask = 2147483647;
			files = (
			);
			runOnlyForDeploymentPostprocessing = 0;
		};
/* End PBXResourcesBuildPhase section */

/* Begin PBXSourcesBuildPhase section */
		9B811E992A0E6B73008A660E /* Sources */ = {
			isa = PBXSourcesBuildPhase;
			buildActionMask = 2147483647;
			files = (
				9B811ED72A0F5803008A660E /* SearchViewController.swift in Sources */,
				9B811EA52A0E6B73008A660E /* MainTabBarViewController.swift in Sources */,
				9B811EEA2A0F6E17008A660E /* CollectionViewTableViewCell.swift in Sources */,
				9B811EEF2A0FAAD9008A660E /* APICaller.swift in Sources */,
				9B811EFD2A0FBEB9008A660E /* Content.swift in Sources */,
				9B811EEC2A0F8077008A660E /* PosterHeaderUIView.swift in Sources */,
				9BFDF6FF2A108743005E3953 /* ContentTableViewCell.swift in Sources */,
				9B811ED92A0F581F008A660E /* DownloadsViewController.swift in Sources */,
				9B811EA12A0E6B73008A660E /* AppDelegate.swift in Sources */,
				9B811F022A0FC3BF008A660E /* ContentRepositoryProtocol.swift in Sources */,
				9BFDF7052A10AEC4005E3953 /* SearchResultsViewController.swift in Sources */,
				9B811EA32A0E6B73008A660E /* SceneDelegate.swift in Sources */,
				9BFDF7092A10E458005E3953 /* YoutubeSearchResponseDTO.swift in Sources */,
				9B811ED52A0F57F5008A660E /* UpcomingViewController.swift in Sources */,
				9B811F002A0FC3B4008A660E /* ContentRepository.swift in Sources */,
				9BFDF6F72A107710005E3953 /* ContentCollectionViewCell.swift in Sources */,
				9B811F052A0FC9E2008A660E /* String.swift in Sources */,
				9B811EF22A0FAF47008A660E /* ContentDTO.swift in Sources */,
				9B811ED32A0F57D7008A660E /* HomeViewController.swift in Sources */,
			);
			runOnlyForDeploymentPostprocessing = 0;
		};
		9B811EAF2A0E6B74008A660E /* Sources */ = {
			isa = PBXSourcesBuildPhase;
			buildActionMask = 2147483647;
			files = (
				9B811EB82A0E6B74008A660E /* JetflixTests.swift in Sources */,
			);
			runOnlyForDeploymentPostprocessing = 0;
		};
		9B811EB92A0E6B74008A660E /* Sources */ = {
			isa = PBXSourcesBuildPhase;
			buildActionMask = 2147483647;
			files = (
				9B811EC22A0E6B74008A660E /* JetflixUITests.swift in Sources */,
				9B811EC42A0E6B74008A660E /* JetflixUITestsLaunchTests.swift in Sources */,
			);
			runOnlyForDeploymentPostprocessing = 0;
		};
/* End PBXSourcesBuildPhase section */

/* Begin PBXTargetDependency section */
		9B811EB52A0E6B74008A660E /* PBXTargetDependency */ = {
			isa = PBXTargetDependency;
			target = 9B811E9C2A0E6B73008A660E /* Jetflix */;
			targetProxy = 9B811EB42A0E6B74008A660E /* PBXContainerItemProxy */;
		};
		9B811EBF2A0E6B74008A660E /* PBXTargetDependency */ = {
			isa = PBXTargetDependency;
			target = 9B811E9C2A0E6B73008A660E /* Jetflix */;
			targetProxy = 9B811EBE2A0E6B74008A660E /* PBXContainerItemProxy */;
		};
/* End PBXTargetDependency section */

/* Begin PBXVariantGroup section */
		9B811EAB2A0E6B74008A660E /* LaunchScreen.storyboard */ = {
			isa = PBXVariantGroup;
			children = (
				9B811EAC2A0E6B74008A660E /* Base */,
			);
			name = LaunchScreen.storyboard;
			sourceTree = "<group>";
		};
/* End PBXVariantGroup section */

/* Begin XCBuildConfiguration section */
		9B811EC52A0E6B74008A660E /* Debug */ = {
			isa = XCBuildConfiguration;
			buildSettings = {
				ALWAYS_SEARCH_USER_PATHS = NO;
				CLANG_ANALYZER_NONNULL = YES;
				CLANG_ANALYZER_NUMBER_OBJECT_CONVERSION = YES_AGGRESSIVE;
				CLANG_CXX_LANGUAGE_STANDARD = "gnu++20";
				CLANG_ENABLE_MODULES = YES;
				CLANG_ENABLE_OBJC_ARC = YES;
				CLANG_ENABLE_OBJC_WEAK = YES;
				CLANG_WARN_BLOCK_CAPTURE_AUTORELEASING = YES;
				CLANG_WARN_BOOL_CONVERSION = YES;
				CLANG_WARN_COMMA = YES;
				CLANG_WARN_CONSTANT_CONVERSION = YES;
				CLANG_WARN_DEPRECATED_OBJC_IMPLEMENTATIONS = YES;
				CLANG_WARN_DIRECT_OBJC_ISA_USAGE = YES_ERROR;
				CLANG_WARN_DOCUMENTATION_COMMENTS = YES;
				CLANG_WARN_EMPTY_BODY = YES;
				CLANG_WARN_ENUM_CONVERSION = YES;
				CLANG_WARN_INFINITE_RECURSION = YES;
				CLANG_WARN_INT_CONVERSION = YES;
				CLANG_WARN_NON_LITERAL_NULL_CONVERSION = YES;
				CLANG_WARN_OBJC_IMPLICIT_RETAIN_SELF = YES;
				CLANG_WARN_OBJC_LITERAL_CONVERSION = YES;
				CLANG_WARN_OBJC_ROOT_CLASS = YES_ERROR;
				CLANG_WARN_QUOTED_INCLUDE_IN_FRAMEWORK_HEADER = YES;
				CLANG_WARN_RANGE_LOOP_ANALYSIS = YES;
				CLANG_WARN_STRICT_PROTOTYPES = YES;
				CLANG_WARN_SUSPICIOUS_MOVE = YES;
				CLANG_WARN_UNGUARDED_AVAILABILITY = YES_AGGRESSIVE;
				CLANG_WARN_UNREACHABLE_CODE = YES;
				CLANG_WARN__DUPLICATE_METHOD_MATCH = YES;
				COPY_PHASE_STRIP = NO;
				DEBUG_INFORMATION_FORMAT = dwarf;
				ENABLE_STRICT_OBJC_MSGSEND = YES;
				ENABLE_TESTABILITY = YES;
				GCC_C_LANGUAGE_STANDARD = gnu11;
				GCC_DYNAMIC_NO_PIC = NO;
				GCC_NO_COMMON_BLOCKS = YES;
				GCC_OPTIMIZATION_LEVEL = 0;
				GCC_PREPROCESSOR_DEFINITIONS = (
					"DEBUG=1",
					"$(inherited)",
				);
				GCC_WARN_64_TO_32_BIT_CONVERSION = YES;
				GCC_WARN_ABOUT_RETURN_TYPE = YES_ERROR;
				GCC_WARN_UNDECLARED_SELECTOR = YES;
				GCC_WARN_UNINITIALIZED_AUTOS = YES_AGGRESSIVE;
				GCC_WARN_UNUSED_FUNCTION = YES;
				GCC_WARN_UNUSED_VARIABLE = YES;
				IPHONEOS_DEPLOYMENT_TARGET = 16.4;
				MTL_ENABLE_DEBUG_INFO = INCLUDE_SOURCE;
				MTL_FAST_MATH = YES;
				ONLY_ACTIVE_ARCH = YES;
				SDKROOT = iphoneos;
				SWIFT_ACTIVE_COMPILATION_CONDITIONS = DEBUG;
				SWIFT_OPTIMIZATION_LEVEL = "-Onone";
			};
			name = Debug;
		};
		9B811EC62A0E6B74008A660E /* Release */ = {
			isa = XCBuildConfiguration;
			buildSettings = {
				ALWAYS_SEARCH_USER_PATHS = NO;
				CLANG_ANALYZER_NONNULL = YES;
				CLANG_ANALYZER_NUMBER_OBJECT_CONVERSION = YES_AGGRESSIVE;
				CLANG_CXX_LANGUAGE_STANDARD = "gnu++20";
				CLANG_ENABLE_MODULES = YES;
				CLANG_ENABLE_OBJC_ARC = YES;
				CLANG_ENABLE_OBJC_WEAK = YES;
				CLANG_WARN_BLOCK_CAPTURE_AUTORELEASING = YES;
				CLANG_WARN_BOOL_CONVERSION = YES;
				CLANG_WARN_COMMA = YES;
				CLANG_WARN_CONSTANT_CONVERSION = YES;
				CLANG_WARN_DEPRECATED_OBJC_IMPLEMENTATIONS = YES;
				CLANG_WARN_DIRECT_OBJC_ISA_USAGE = YES_ERROR;
				CLANG_WARN_DOCUMENTATION_COMMENTS = YES;
				CLANG_WARN_EMPTY_BODY = YES;
				CLANG_WARN_ENUM_CONVERSION = YES;
				CLANG_WARN_INFINITE_RECURSION = YES;
				CLANG_WARN_INT_CONVERSION = YES;
				CLANG_WARN_NON_LITERAL_NULL_CONVERSION = YES;
				CLANG_WARN_OBJC_IMPLICIT_RETAIN_SELF = YES;
				CLANG_WARN_OBJC_LITERAL_CONVERSION = YES;
				CLANG_WARN_OBJC_ROOT_CLASS = YES_ERROR;
				CLANG_WARN_QUOTED_INCLUDE_IN_FRAMEWORK_HEADER = YES;
				CLANG_WARN_RANGE_LOOP_ANALYSIS = YES;
				CLANG_WARN_STRICT_PROTOTYPES = YES;
				CLANG_WARN_SUSPICIOUS_MOVE = YES;
				CLANG_WARN_UNGUARDED_AVAILABILITY = YES_AGGRESSIVE;
				CLANG_WARN_UNREACHABLE_CODE = YES;
				CLANG_WARN__DUPLICATE_METHOD_MATCH = YES;
				COPY_PHASE_STRIP = NO;
				DEBUG_INFORMATION_FORMAT = "dwarf-with-dsym";
				ENABLE_NS_ASSERTIONS = NO;
				ENABLE_STRICT_OBJC_MSGSEND = YES;
				GCC_C_LANGUAGE_STANDARD = gnu11;
				GCC_NO_COMMON_BLOCKS = YES;
				GCC_WARN_64_TO_32_BIT_CONVERSION = YES;
				GCC_WARN_ABOUT_RETURN_TYPE = YES_ERROR;
				GCC_WARN_UNDECLARED_SELECTOR = YES;
				GCC_WARN_UNINITIALIZED_AUTOS = YES_AGGRESSIVE;
				GCC_WARN_UNUSED_FUNCTION = YES;
				GCC_WARN_UNUSED_VARIABLE = YES;
				IPHONEOS_DEPLOYMENT_TARGET = 16.4;
				MTL_ENABLE_DEBUG_INFO = NO;
				MTL_FAST_MATH = YES;
				SDKROOT = iphoneos;
				SWIFT_COMPILATION_MODE = wholemodule;
				SWIFT_OPTIMIZATION_LEVEL = "-O";
				VALIDATE_PRODUCT = YES;
			};
			name = Release;
		};
		9B811EC82A0E6B74008A660E /* Debug */ = {
			isa = XCBuildConfiguration;
			buildSettings = {
				ASSETCATALOG_COMPILER_APPICON_NAME = AppIcon;
				ASSETCATALOG_COMPILER_GLOBAL_ACCENT_COLOR_NAME = AccentColor;
				CODE_SIGN_STYLE = Automatic;
				CURRENT_PROJECT_VERSION = 1;
				DEVELOPMENT_TEAM = WPX8MV29XR;
				GENERATE_INFOPLIST_FILE = YES;
				INFOPLIST_FILE = Jetflix/Resource/Info.plist;
				INFOPLIST_KEY_UIApplicationSupportsIndirectInputEvents = YES;
				INFOPLIST_KEY_UILaunchStoryboardName = LaunchScreen;
				INFOPLIST_KEY_UISupportedInterfaceOrientations_iPad = "UIInterfaceOrientationPortrait UIInterfaceOrientationPortraitUpsideDown UIInterfaceOrientationLandscapeLeft UIInterfaceOrientationLandscapeRight";
				INFOPLIST_KEY_UISupportedInterfaceOrientations_iPhone = "UIInterfaceOrientationPortrait UIInterfaceOrientationLandscapeLeft UIInterfaceOrientationLandscapeRight";
				LD_RUNPATH_SEARCH_PATHS = (
					"$(inherited)",
					"@executable_path/Frameworks",
				);
				MARKETING_VERSION = 1.0;
				PRODUCT_BUNDLE_IDENTIFIER = com.jeong9216.Jetflix;
				PRODUCT_NAME = "$(TARGET_NAME)";
				SWIFT_EMIT_LOC_STRINGS = YES;
				SWIFT_VERSION = 5.0;
				TARGETED_DEVICE_FAMILY = "1,2";
			};
			name = Debug;
		};
		9B811EC92A0E6B74008A660E /* Release */ = {
			isa = XCBuildConfiguration;
			buildSettings = {
				ASSETCATALOG_COMPILER_APPICON_NAME = AppIcon;
				ASSETCATALOG_COMPILER_GLOBAL_ACCENT_COLOR_NAME = AccentColor;
				CODE_SIGN_STYLE = Automatic;
				CURRENT_PROJECT_VERSION = 1;
				DEVELOPMENT_TEAM = WPX8MV29XR;
				GENERATE_INFOPLIST_FILE = YES;
				INFOPLIST_FILE = Jetflix/Resource/Info.plist;
				INFOPLIST_KEY_UIApplicationSupportsIndirectInputEvents = YES;
				INFOPLIST_KEY_UILaunchStoryboardName = LaunchScreen;
				INFOPLIST_KEY_UISupportedInterfaceOrientations_iPad = "UIInterfaceOrientationPortrait UIInterfaceOrientationPortraitUpsideDown UIInterfaceOrientationLandscapeLeft UIInterfaceOrientationLandscapeRight";
				INFOPLIST_KEY_UISupportedInterfaceOrientations_iPhone = "UIInterfaceOrientationPortrait UIInterfaceOrientationLandscapeLeft UIInterfaceOrientationLandscapeRight";
				LD_RUNPATH_SEARCH_PATHS = (
					"$(inherited)",
					"@executable_path/Frameworks",
				);
				MARKETING_VERSION = 1.0;
				PRODUCT_BUNDLE_IDENTIFIER = com.jeong9216.Jetflix;
				PRODUCT_NAME = "$(TARGET_NAME)";
				SWIFT_EMIT_LOC_STRINGS = YES;
				SWIFT_VERSION = 5.0;
				TARGETED_DEVICE_FAMILY = "1,2";
			};
			name = Release;
		};
		9B811ECB2A0E6B74008A660E /* Debug */ = {
			isa = XCBuildConfiguration;
			buildSettings = {
				ALWAYS_EMBED_SWIFT_STANDARD_LIBRARIES = YES;
				BUNDLE_LOADER = "$(TEST_HOST)";
				CODE_SIGN_STYLE = Automatic;
				CURRENT_PROJECT_VERSION = 1;
				DEVELOPMENT_TEAM = WPX8MV29XR;
				GENERATE_INFOPLIST_FILE = YES;
				IPHONEOS_DEPLOYMENT_TARGET = 16.4;
				MARKETING_VERSION = 1.0;
				PRODUCT_BUNDLE_IDENTIFIER = com.jeong9216.JetflixTests;
				PRODUCT_NAME = "$(TARGET_NAME)";
				SWIFT_EMIT_LOC_STRINGS = NO;
				SWIFT_VERSION = 5.0;
				TARGETED_DEVICE_FAMILY = "1,2";
				TEST_HOST = "$(BUILT_PRODUCTS_DIR)/Jetflix.app/$(BUNDLE_EXECUTABLE_FOLDER_PATH)/Jetflix";
			};
			name = Debug;
		};
		9B811ECC2A0E6B74008A660E /* Release */ = {
			isa = XCBuildConfiguration;
			buildSettings = {
				ALWAYS_EMBED_SWIFT_STANDARD_LIBRARIES = YES;
				BUNDLE_LOADER = "$(TEST_HOST)";
				CODE_SIGN_STYLE = Automatic;
				CURRENT_PROJECT_VERSION = 1;
				DEVELOPMENT_TEAM = WPX8MV29XR;
				GENERATE_INFOPLIST_FILE = YES;
				IPHONEOS_DEPLOYMENT_TARGET = 16.4;
				MARKETING_VERSION = 1.0;
				PRODUCT_BUNDLE_IDENTIFIER = com.jeong9216.JetflixTests;
				PRODUCT_NAME = "$(TARGET_NAME)";
				SWIFT_EMIT_LOC_STRINGS = NO;
				SWIFT_VERSION = 5.0;
				TARGETED_DEVICE_FAMILY = "1,2";
				TEST_HOST = "$(BUILT_PRODUCTS_DIR)/Jetflix.app/$(BUNDLE_EXECUTABLE_FOLDER_PATH)/Jetflix";
			};
			name = Release;
		};
		9B811ECE2A0E6B74008A660E /* Debug */ = {
			isa = XCBuildConfiguration;
			buildSettings = {
				ALWAYS_EMBED_SWIFT_STANDARD_LIBRARIES = YES;
				CODE_SIGN_STYLE = Automatic;
				CURRENT_PROJECT_VERSION = 1;
				DEVELOPMENT_TEAM = WPX8MV29XR;
				GENERATE_INFOPLIST_FILE = YES;
				MARKETING_VERSION = 1.0;
				PRODUCT_BUNDLE_IDENTIFIER = com.jeong9216.JetflixUITests;
				PRODUCT_NAME = "$(TARGET_NAME)";
				SWIFT_EMIT_LOC_STRINGS = NO;
				SWIFT_VERSION = 5.0;
				TARGETED_DEVICE_FAMILY = "1,2";
				TEST_TARGET_NAME = Jetflix;
			};
			name = Debug;
		};
		9B811ECF2A0E6B74008A660E /* Release */ = {
			isa = XCBuildConfiguration;
			buildSettings = {
				ALWAYS_EMBED_SWIFT_STANDARD_LIBRARIES = YES;
				CODE_SIGN_STYLE = Automatic;
				CURRENT_PROJECT_VERSION = 1;
				DEVELOPMENT_TEAM = WPX8MV29XR;
				GENERATE_INFOPLIST_FILE = YES;
				MARKETING_VERSION = 1.0;
				PRODUCT_BUNDLE_IDENTIFIER = com.jeong9216.JetflixUITests;
				PRODUCT_NAME = "$(TARGET_NAME)";
				SWIFT_EMIT_LOC_STRINGS = NO;
				SWIFT_VERSION = 5.0;
				TARGETED_DEVICE_FAMILY = "1,2";
				TEST_TARGET_NAME = Jetflix;
			};
			name = Release;
		};
/* End XCBuildConfiguration section */

/* Begin XCConfigurationList section */
		9B811E982A0E6B73008A660E /* Build configuration list for PBXProject "Jetflix" */ = {
			isa = XCConfigurationList;
			buildConfigurations = (
				9B811EC52A0E6B74008A660E /* Debug */,
				9B811EC62A0E6B74008A660E /* Release */,
			);
			defaultConfigurationIsVisible = 0;
			defaultConfigurationName = Release;
		};
		9B811EC72A0E6B74008A660E /* Build configuration list for PBXNativeTarget "Jetflix" */ = {
			isa = XCConfigurationList;
			buildConfigurations = (
				9B811EC82A0E6B74008A660E /* Debug */,
				9B811EC92A0E6B74008A660E /* Release */,
			);
			defaultConfigurationIsVisible = 0;
			defaultConfigurationName = Release;
		};
		9B811ECA2A0E6B74008A660E /* Build configuration list for PBXNativeTarget "JetflixTests" */ = {
			isa = XCConfigurationList;
			buildConfigurations = (
				9B811ECB2A0E6B74008A660E /* Debug */,
				9B811ECC2A0E6B74008A660E /* Release */,
			);
			defaultConfigurationIsVisible = 0;
			defaultConfigurationName = Release;
		};
		9B811ECD2A0E6B74008A660E /* Build configuration list for PBXNativeTarget "JetflixUITests" */ = {
			isa = XCConfigurationList;
			buildConfigurations = (
				9B811ECE2A0E6B74008A660E /* Debug */,
				9B811ECF2A0E6B74008A660E /* Release */,
			);
			defaultConfigurationIsVisible = 0;
			defaultConfigurationName = Release;
		};
/* End XCConfigurationList section */

/* Begin XCRemoteSwiftPackageReference section */
		9BFDF6FB2A107D42005E3953 /* XCRemoteSwiftPackageReference "Kingfisher" */ = {
			isa = XCRemoteSwiftPackageReference;
			repositoryURL = "https://github.com/onevcat/Kingfisher";
			requirement = {
				kind = upToNextMajorVersion;
				minimumVersion = 7.0.0;
			};
		};
/* End XCRemoteSwiftPackageReference section */

/* Begin XCSwiftPackageProductDependency section */
		9BFDF6FC2A107D42005E3953 /* Kingfisher */ = {
			isa = XCSwiftPackageProductDependency;
			package = 9BFDF6FB2A107D42005E3953 /* XCRemoteSwiftPackageReference "Kingfisher" */;
			productName = Kingfisher;
		};
/* End XCSwiftPackageProductDependency section */
	};
	rootObject = 9B811E952A0E6B73008A660E /* Project object */;
}
